
Microsoft Visual Studio Solution File, Format Version 12.00
# Visual Studio 14
VisualStudioVersion = 14.0.24720.0
MinimumVisualStudioVersion = 10.0.40219.1
Project("{FAE04EC0-301F-11D3-BF4B-00C04F79EFBC}") = "Ipk.Custom.MPR.Exchange", "Ipk.Custom.MPR.Exchange\Ipk.Custom.MPR.Exchange.csproj", "{E5C0F31B-981C-4EBE-9041-5E3C8A3BE569}"
EndProject
Project("{FAE04EC0-301F-11D3-BF4B-00C04F79EFBC}") = "Ipk.Custom.MPR.ExchangeExecute", "Ipk.Custom.MPR.ExchangeExecute\Ipk.Custom.MPR.ExchangeExecute.csproj", "{35F20CD1-C97C-4C1B-9768-405A9623039E}"
EndProject
Global
	GlobalSection(SolutionConfigurationPlatforms) = preSolution
		Debug|Any CPU = Debug|Any CPU
		Release|Any CPU = Release|Any CPU
	EndGlobalSection
	GlobalSection(ProjectConfigurationPlatforms) = postSolution
		{E5C0F31B-981C-4EBE-9041-5E3C8A3BE569}.Debug|Any CPU.ActiveCfg = Debug|Any CPU
		{E5C0F31B-981C-4EBE-9041-5E3C8A3BE569}.Debug|Any CPU.Build.0 = Debug|Any CPU
		{E5C0F31B-981C-4EBE-9041-5E3C8A3BE569}.Release|Any CPU.ActiveCfg = Release|Any CPU
		{E5C0F31B-981C-4EBE-9041-5E3C8A3BE569}.Release|Any CPU.Build.0 = Release|Any CPU
		{35F20CD1-C97C-4C1B-9768-405A9623039E}.Debug|Any CPU.ActiveCfg = Debug|Any CPU
		{35F20CD1-C97C-4C1B-9768-405A9623039E}.Debug|Any CPU.Build.0 = Debug|Any CPU
		{35F20CD1-C97C-4C1B-9768-405A9623039E}.Release|Any CPU.ActiveCfg = Release|Any CPU
		{35F20CD1-C97C-4C1B-9768-405A9623039E}.Release|Any CPU.Build.0 = Release|Any CPU
	EndGlobalSection
	GlobalSection(SolutionProperties) = preSolution
		HideSolutionNode = FALSE
	EndGlobalSection
EndGlobal
